
Microsoft Visual Studio Solution File, Format Version 12.00
# Visual Studio Version 16
VisualStudioVersion = 16.0.30804.86
MinimumVisualStudioVersion = 10.0.40219.1
Project("{8BC9CEB8-8B4A-11D0-8D11-00A0C91BC942}") = "MiniGameCpp", "MiniGameCpp\MiniGameCpp.vcxproj", "{5ED5F3D1-9C6B-4A2F-AA05-A700F423783E}"
EndProject
Global
	GlobalSection(SolutionConfigurationPlatforms) = preSolution
		Debug|x64 = Debug|x64
		Debug|x86 = Debug|x86
		Release|x64 = Release|x64
		Release|x86 = Release|x86
	EndGlobalSection
	GlobalSection(ProjectConfigurationPlatforms) = postSolution
		{5ED5F3D1-9C6B-4A2F-AA05-A700F423783E}.Debug|x64.ActiveCfg = Debug|x64
		{5ED5F3D1-9C6B-4A2F-AA05-A700F423783E}.Debug|x64.Build.0 = Debug|x64
		{5ED5F3D1-9C6B-4A2F-AA05-A700F423783E}.Debug|x86.ActiveCfg = Debug|x64
		{5ED5F3D1-9C6B-4A2F-AA05-A700F423783E}.Debug|x86.Build.0 = Debug|x64
		{5ED5F3D1-9C6B-4A2F-AA05-A700F423783E}.Release|x64.ActiveCfg = Release|x64
		{5ED5F3D1-9C6B-4A2F-AA05-A700F423783E}.Release|x64.Build.0 = Release|x64
		{5ED5F3D1-9C6B-4A2F-AA05-A700F423783E}.Release|x86.ActiveCfg = Release|Win32
		{5ED5F3D1-9C6B-4A2F-AA05-A700F423783E}.Release|x86.Build.0 = Release|Win32
	EndGlobalSection
	GlobalSection(SolutionProperties) = preSolution
		HideSolutionNode = FALSE
	EndGlobalSection
	GlobalSection(ExtensibilityGlobals) = postSolution
		SolutionGuid = {495587A4-C07C-46AF-8379-CE9D9B87660A}
	EndGlobalSection
EndGlobal
