<?xml version="1.0" encoding="utf-8"?>
<Project ToolsVersion="4.0" xmlns="http://schemas.microsoft.com/developer/msbuild/2003">
  <ItemGroup>
    <Filter Include="Fichiers sources">
      <UniqueIdentifier>{4FC737F1-C7A5-4376-A066-2A32D752A2FF}</UniqueIdentifier>
      <Extensions>cpp;c;cc;cxx;c++;cppm;ixx;def;odl;idl;hpj;bat;asm;asmx</Extensions>
    </Filter>
    <Filter Include="Fichiers d%27en-tête">
      <UniqueIdentifier>{93995380-89BD-4b04-88EB-625FBE52EBFB}</UniqueIdentifier>
      <Extensions>h;hh;hpp;hxx;h++;hm;inl;inc;ipp;xsd</Extensions>
    </Filter>
    <Filter Include="Fichiers de ressources">
      <UniqueIdentifier>{67DA6AB6-F800-4c08-8B7A-83BB121AAD01}</UniqueIdentifier>
      <Extensions>rc;ico;cur;bmp;dlg;rc2;rct;bin;rgs;gif;jpg;jpeg;jpe;resx;tiff;tif;png;wav;mfcribbon-ms</Extensions>
    </Filter>
    <Filter Include="Fichiers sources\GameObject">
      <UniqueIdentifier>{b36268e3-6b3b-42e5-bab1-d47edd3f1df3}</UniqueIdentifier>
    </Filter>
    <Filter Include="Fichiers sources\Components">
      <UniqueIdentifier>{4ac50e59-d537-4c7b-8188-65246cc51b3f}</UniqueIdentifier>
    </Filter>
    <Filter Include="Fichiers sources\Systems">
      <UniqueIdentifier>{f2ca1f15-cc87-44e3-9719-bfb76d3374c3}</UniqueIdentifier>
    </Filter>
    <Filter Include="Fichiers sources\Systems\SceneSystem">
      <UniqueIdentifier>{c6ae9263-7d1a-4cf4-bc7d-846cd3c16f32}</UniqueIdentifier>
    </Filter>
    <Filter Include="Fichiers sources\src">
      <UniqueIdentifier>{1de959ab-0ff1-4648-a617-847996c281cc}</UniqueIdentifier>
    </Filter>
    <Filter Include="Fichiers sources\src\Scenes">
      <UniqueIdentifier>{3537aac9-10c3-415e-b872-19f6d1a7670f}</UniqueIdentifier>
    </Filter>
    <Filter Include="Fichiers d%27en-tête\Components">
      <UniqueIdentifier>{2fffa49b-5547-4b42-99cb-2e57066245a3}</UniqueIdentifier>
    </Filter>
    <Filter Include="Fichiers d%27en-tête\SceneSystem">
      <UniqueIdentifier>{95f9a334-2aa0-4f38-8a64-684ed63265bd}</UniqueIdentifier>
    </Filter>
  </ItemGroup>
  <ItemGroup>
    <ClCompile Include="MiniGameCpp.cpp">
      <Filter>Fichiers sources</Filter>
    </ClCompile>
    <ClCompile Include="SpriteRenderer.cpp">
      <Filter>Fichiers sources\Components</Filter>
    </ClCompile>
    <ClCompile Include="GameObject.cpp">
      <Filter>Fichiers sources\GameObject</Filter>
    </ClCompile>
    <ClCompile Include="Component.cpp">
      <Filter>Fichiers sources\Components</Filter>
    </ClCompile>
    <ClCompile Include="Spaceship.cpp">
      <Filter>Fichiers sources\src</Filter>
    </ClCompile>
    <ClCompile Include="..\..\RaylibProject\RaylibProject\CppTestGround\TestGround\TestGround\SceneManagement.cpp">
      <Filter>Fichiers sources\Systems\SceneSystem</Filter>
    </ClCompile>
    <ClCompile Include="..\..\RaylibProject\RaylibProject\CppTestGround\TestGround\TestGround\Scene.cpp">
      <Filter>Fichiers sources\Systems\SceneSystem</Filter>
    </ClCompile>
    <ClCompile Include="..\..\RaylibProject\RaylibProject\CppTestGround\TestGround\TestGround\SceneBuilder.cpp">
      <Filter>Fichiers sources\Systems\SceneSystem</Filter>
    </ClCompile>
  </ItemGroup>
  <ItemGroup>
    <ClInclude Include="GameObject.h">
      <Filter>Fichiers d%27en-tête</Filter>
    </ClInclude>
    <ClInclude Include="resource.h">
      <Filter>Fichiers d%27en-tête</Filter>
    </ClInclude>
    <ClInclude Include="Spaceship.h">
      <Filter>Fichiers d%27en-tête</Filter>
    </ClInclude>
    <ClInclude Include="SpriteRenderer.h">
      <Filter>Fichiers d%27en-tête\Components</Filter>
    </ClInclude>
    <ClInclude Include="Component.h">
      <Filter>Fichiers d%27en-tête\Components</Filter>
    </ClInclude>
    <ClInclude Include="..\..\RaylibProject\RaylibProject\CppTestGround\TestGround\TestGround\SceneManagement.h">
      <Filter>Fichiers d%27en-tête\SceneSystem</Filter>
    </ClInclude>
    <ClInclude Include="..\..\RaylibProject\RaylibProject\CppTestGround\TestGround\TestGround\SceneBuilder.h">
      <Filter>Fichiers d%27en-tête\SceneSystem</Filter>
    </ClInclude>
    <ClInclude Include="..\..\RaylibProject\RaylibProject\CppTestGround\TestGround\TestGround\Scene.h">
      <Filter>Fichiers d%27en-tête\SceneSystem</Filter>
    </ClInclude>
  </ItemGroup>
  <ItemGroup>
    <ResourceCompile Include="MiniGameCpp.rc">
      <Filter>Fichiers de ressources</Filter>
    </ResourceCompile>
  </ItemGroup>
  <ItemGroup>
    <Image Include="Resources\Ships\ship_0004.png">
      <Filter>Fichiers de ressources</Filter>
    </Image>
  </ItemGroup>
</Project>